
Microsoft Visual Studio Solution File, Format Version 12.00
# Visual Studio Version 16
VisualStudioVersion = 16.0.29102.190
MinimumVisualStudioVersion = 10.0.40219.1
Project("{FAE04EC0-301F-11D3-BF4B-00C04F79EFBC}") = "PodcastApplication", "PodcastApplication\PodcastApplication.csproj", "{058B1DA8-1A70-4224-BFC9-8748DC15B152}"
EndProject
Global
	GlobalSection(SolutionConfigurationPlatforms) = preSolution
		Debug|Any CPU = Debug|Any CPU
		Release|Any CPU = Release|Any CPU
	EndGlobalSection
	GlobalSection(ProjectConfigurationPlatforms) = postSolution
		{058B1DA8-1A70-4224-BFC9-8748DC15B152}.Debug|Any CPU.ActiveCfg = Debug|Any CPU
		{058B1DA8-1A70-4224-BFC9-8748DC15B152}.Debug|Any CPU.Build.0 = Debug|Any CPU
		{058B1DA8-1A70-4224-BFC9-8748DC15B152}.Release|Any CPU.ActiveCfg = Release|Any CPU
		{058B1DA8-1A70-4224-BFC9-8748DC15B152}.Release|Any CPU.Build.0 = Release|Any CPU
	EndGlobalSection
	GlobalSection(SolutionProperties) = preSolution
		HideSolutionNode = FALSE
	EndGlobalSection
	GlobalSection(ExtensibilityGlobals) = postSolution
		SolutionGuid = {C6CD2462-DA5B-4CDB-BDDA-2C23A1A930A7}
	EndGlobalSection
EndGlobal
